// !$*UTF8*$!
{
	archiveVersion = 1;
	classes = {
	};
	objectVersion = 50;
	objects = {

/* Begin PBXBuildFile section */
		5CD5EFAF2609338E0086E5FA /* poc_sse_emojis_clientApp.swift in Sources */ = {isa = PBXBuildFile; fileRef = 5CD5EFAE2609338E0086E5FA /* poc_sse_emojis_clientApp.swift */; };
		5CD5EFB12609338E0086E5FA /* ContentView.swift in Sources */ = {isa = PBXBuildFile; fileRef = 5CD5EFB02609338E0086E5FA /* ContentView.swift */; };
		5CD5EFB3260933920086E5FA /* Assets.xcassets in Resources */ = {isa = PBXBuildFile; fileRef = 5CD5EFB2260933920086E5FA /* Assets.xcassets */; };
		5CD5EFB6260933920086E5FA /* Preview Assets.xcassets in Resources */ = {isa = PBXBuildFile; fileRef = 5CD5EFB5260933920086E5FA /* Preview Assets.xcassets */; };
		5CD5EFBF260934800086E5FA /* EmojisStream.swift in Sources */ = {isa = PBXBuildFile; fileRef = 5CD5EFBE260934800086E5FA /* EmojisStream.swift */; };
		5CD5EFC3260937FA0086E5FA /* Event.swift in Sources */ = {isa = PBXBuildFile; fileRef = 5CD5EFC2260937FA0086E5FA /* Event.swift */; };
		5CD5EFC7260938BB0086E5FA /* EventSource.swift in Sources */ = {isa = PBXBuildFile; fileRef = 5CD5EFC6260938BB0086E5FA /* EventSource.swift */; };
		5CD5EFCA26093AC40086E5FA /* EventStreamParser.swift in Sources */ = {isa = PBXBuildFile; fileRef = 5CD5EFC926093AC40086E5FA /* EventStreamParser.swift */; };
/* End PBXBuildFile section */

/* Begin PBXFileReference section */
		5CD5EFAB2609338E0086E5FA /* poc-sse-emojis-client.app */ = {isa = PBXFileReference; explicitFileType = wrapper.application; includeInIndex = 0; path = "poc-sse-emojis-client.app"; sourceTree = BUILT_PRODUCTS_DIR; };
		5CD5EFAE2609338E0086E5FA /* poc_sse_emojis_clientApp.swift */ = {isa = PBXFileReference; lastKnownFileType = sourcecode.swift; path = poc_sse_emojis_clientApp.swift; sourceTree = "<group>"; };
		5CD5EFB02609338E0086E5FA /* ContentView.swift */ = {isa = PBXFileReference; lastKnownFileType = sourcecode.swift; path = ContentView.swift; sourceTree = "<group>"; };
		5CD5EFB2260933920086E5FA /* Assets.xcassets */ = {isa = PBXFileReference; lastKnownFileType = folder.assetcatalog; path = Assets.xcassets; sourceTree = "<group>"; };
		5CD5EFB5260933920086E5FA /* Preview Assets.xcassets */ = {isa = PBXFileReference; lastKnownFileType = folder.assetcatalog; path = "Preview Assets.xcassets"; sourceTree = "<group>"; };
		5CD5EFB7260933920086E5FA /* Info.plist */ = {isa = PBXFileReference; lastKnownFileType = text.plist.xml; path = Info.plist; sourceTree = "<group>"; };
		5CD5EFBE260934800086E5FA /* EmojisStream.swift */ = {isa = PBXFileReference; lastKnownFileType = sourcecode.swift; path = EmojisStream.swift; sourceTree = "<group>"; };
		5CD5EFC2260937FA0086E5FA /* Event.swift */ = {isa = PBXFileReference; lastKnownFileType = sourcecode.swift; path = Event.swift; sourceTree = "<group>"; };
		5CD5EFC6260938BB0086E5FA /* EventSource.swift */ = {isa = PBXFileReference; lastKnownFileType = sourcecode.swift; path = EventSource.swift; sourceTree = "<group>"; };
		5CD5EFC926093AC40086E5FA /* EventStreamParser.swift */ = {isa = PBXFileReference; lastKnownFileType = sourcecode.swift; path = EventStreamParser.swift; sourceTree = "<group>"; };
/* End PBXFileReference section */

/* Begin PBXFrameworksBuildPhase section */
		5CD5EFA82609338E0086E5FA /* Frameworks */ = {
			isa = PBXFrameworksBuildPhase;
			buildActionMask = 2147483647;
			files = (
			);
			runOnlyForDeploymentPostprocessing = 0;
		};
/* End PBXFrameworksBuildPhase section */

/* Begin PBXGroup section */
		5CD5EFA22609338E0086E5FA = {
			isa = PBXGroup;
			children = (
				5CD5EFAD2609338E0086E5FA /* poc-sse-emojis-client */,
				5CD5EFAC2609338E0086E5FA /* Products */,
			);
			sourceTree = "<group>";
		};
		5CD5EFAC2609338E0086E5FA /* Products */ = {
			isa = PBXGroup;
			children = (
				5CD5EFAB2609338E0086E5FA /* poc-sse-emojis-client.app */,
			);
			name = Products;
			sourceTree = "<group>";
		};
		5CD5EFAD2609338E0086E5FA /* poc-sse-emojis-client */ = {
			isa = PBXGroup;
			children = (
				5CD5EFC1260936F70086E5FA /* EventSource */,
				5CD5EFBE260934800086E5FA /* EmojisStream.swift */,
				5CD5EFAE2609338E0086E5FA /* poc_sse_emojis_clientApp.swift */,
				5CD5EFB02609338E0086E5FA /* ContentView.swift */,
				5CD5EFB2260933920086E5FA /* Assets.xcassets */,
				5CD5EFB7260933920086E5FA /* Info.plist */,
				5CD5EFB4260933920086E5FA /* Preview Content */,
			);
			path = "poc-sse-emojis-client";
			sourceTree = "<group>";
		};
		5CD5EFB4260933920086E5FA /* Preview Content */ = {
			isa = PBXGroup;
			children = (
				5CD5EFB5260933920086E5FA /* Preview Assets.xcassets */,
			);
			path = "Preview Content";
			sourceTree = "<group>";
		};
		5CD5EFC1260936F70086E5FA /* EventSource */ = {
			isa = PBXGroup;
			children = (
				5CD5EFC2260937FA0086E5FA /* Event.swift */,
				5CD5EFC6260938BB0086E5FA /* EventSource.swift */,
				5CD5EFC926093AC40086E5FA /* EventStreamParser.swift */,
			);
			path = EventSource;
			sourceTree = "<group>";
		};
/* End PBXGroup section */

/* Begin PBXNativeTarget section */
		5CD5EFAA2609338E0086E5FA /* poc-sse-emojis-client */ = {
			isa = PBXNativeTarget;
			buildConfigurationList = 5CD5EFBA260933920086E5FA /* Build configuration list for PBXNativeTarget "poc-sse-emojis-client" */;
			buildPhases = (
				5CD5EFA72609338E0086E5FA /* Sources */,
				5CD5EFA82609338E0086E5FA /* Frameworks */,
				5CD5EFA92609338E0086E5FA /* Resources */,
			);
			buildRules = (
			);
			dependencies = (
			);
			name = "poc-sse-emojis-client";
			productName = "poc-sse-emojis-client";
			productReference = 5CD5EFAB2609338E0086E5FA /* poc-sse-emojis-client.app */;
			productType = "com.apple.product-type.application";
		};
/* End PBXNativeTarget section */

/* Begin PBXProject section */
		5CD5EFA32609338E0086E5FA /* Project object */ = {
			isa = PBXProject;
			attributes = {
				LastSwiftUpdateCheck = 1240;
				LastUpgradeCheck = 1240;
				TargetAttributes = {
					5CD5EFAA2609338E0086E5FA = {
						CreatedOnToolsVersion = 12.4;
					};
				};
			};
			buildConfigurationList = 5CD5EFA62609338E0086E5FA /* Build configuration list for PBXProject "poc-sse-emojis-client" */;
			compatibilityVersion = "Xcode 9.3";
			developmentRegion = en;
			hasScannedForEncodings = 0;
			knownRegions = (
				en,
				Base,
			);
			mainGroup = 5CD5EFA22609338E0086E5FA;
			productRefGroup = 5CD5EFAC2609338E0086E5FA /* Products */;
			projectDirPath = "";
			projectRoot = "";
			targets = (
				5CD5EFAA2609338E0086E5FA /* poc-sse-emojis-client */,
			);
		};
/* End PBXProject section */

/* Begin PBXResourcesBuildPhase section */
		5CD5EFA92609338E0086E5FA /* Resources */ = {
			isa = PBXResourcesBuildPhase;
			buildActionMask = 2147483647;
			files = (
				5CD5EFB6260933920086E5FA /* Preview Assets.xcassets in Resources */,
				5CD5EFB3260933920086E5FA /* Assets.xcassets in Resources */,
			);
			runOnlyForDeploymentPostprocessing = 0;
		};
/* End PBXResourcesBuildPhase section */

/* Begin PBXSourcesBuildPhase section */
		5CD5EFA72609338E0086E5FA /* Sources */ = {
			isa = PBXSourcesBuildPhase;
			buildActionMask = 2147483647;
			files = (
				5CD5EFC7260938BB0086E5FA /* EventSource.swift in Sources */,
				5CD5EFC3260937FA0086E5FA /* Event.swift in Sources */,
				5CD5EFB12609338E0086E5FA /* ContentView.swift in Sources */,
				5CD5EFCA26093AC40086E5FA /* EventStreamParser.swift in Sources */,
				5CD5EFAF2609338E0086E5FA /* poc_sse_emojis_clientApp.swift in Sources */,
				5CD5EFBF260934800086E5FA /* EmojisStream.swift in Sources */,
			);
			runOnlyForDeploymentPostprocessing = 0;
		};
/* End PBXSourcesBuildPhase section */

/* Begin XCBuildConfiguration section */
		5CD5EFB8260933920086E5FA /* Debug */ = {
			isa = XCBuildConfiguration;
			buildSettings = {
				ALWAYS_SEARCH_USER_PATHS = NO;
				CLANG_ANALYZER_NONNULL = YES;
				CLANG_ANALYZER_NUMBER_OBJECT_CONVERSION = YES_AGGRESSIVE;
				CLANG_CXX_LANGUAGE_STANDARD = "gnu++14";
				CLANG_CXX_LIBRARY = "libc++";
				CLANG_ENABLE_MODULES = YES;
				CLANG_ENABLE_OBJC_ARC = YES;
				CLANG_ENABLE_OBJC_WEAK = YES;
				CLANG_WARN_BLOCK_CAPTURE_AUTORELEASING = YES;
				CLANG_WARN_BOOL_CONVERSION = YES;
				CLANG_WARN_COMMA = YES;
				CLANG_WARN_CONSTANT_CONVERSION = YES;
				CLANG_WARN_DEPRECATED_OBJC_IMPLEMENTATIONS = YES;
				CLANG_WARN_DIRECT_OBJC_ISA_USAGE = YES_ERROR;
				CLANG_WARN_DOCUMENTATION_COMMENTS = YES;
				CLANG_WARN_EMPTY_BODY = YES;
				CLANG_WARN_ENUM_CONVERSION = YES;
				CLANG_WARN_INFINITE_RECURSION = YES;
				CLANG_WARN_INT_CONVERSION = YES;
				CLANG_WARN_NON_LITERAL_NULL_CONVERSION = YES;
				CLANG_WARN_OBJC_IMPLICIT_RETAIN_SELF = YES;
				CLANG_WARN_OBJC_LITERAL_CONVERSION = YES;
				CLANG_WARN_OBJC_ROOT_CLASS = YES_ERROR;
				CLANG_WARN_QUOTED_INCLUDE_IN_FRAMEWORK_HEADER = YES;
				CLANG_WARN_RANGE_LOOP_ANALYSIS = YES;
				CLANG_WARN_STRICT_PROTOTYPES = YES;
				CLANG_WARN_SUSPICIOUS_MOVE = YES;
				CLANG_WARN_UNGUARDED_AVAILABILITY = YES_AGGRESSIVE;
				CLANG_WARN_UNREACHABLE_CODE = YES;
				CLANG_WARN__DUPLICATE_METHOD_MATCH = YES;
				COPY_PHASE_STRIP = NO;
				DEBUG_INFORMATION_FORMAT = dwarf;
				ENABLE_STRICT_OBJC_MSGSEND = YES;
				ENABLE_TESTABILITY = YES;
				GCC_C_LANGUAGE_STANDARD = gnu11;
				GCC_DYNAMIC_NO_PIC = NO;
				GCC_NO_COMMON_BLOCKS = YES;
				GCC_OPTIMIZATION_LEVEL = 0;
				GCC_PREPROCESSOR_DEFINITIONS = (
					"DEBUG=1",
					"$(inherited)",
				);
				GCC_WARN_64_TO_32_BIT_CONVERSION = YES;
				GCC_WARN_ABOUT_RETURN_TYPE = YES_ERROR;
				GCC_WARN_UNDECLARED_SELECTOR = YES;
				GCC_WARN_UNINITIALIZED_AUTOS = YES_AGGRESSIVE;
				GCC_WARN_UNUSED_FUNCTION = YES;
				GCC_WARN_UNUSED_VARIABLE = YES;
				IPHONEOS_DEPLOYMENT_TARGET = 14.4;
				MTL_ENABLE_DEBUG_INFO = INCLUDE_SOURCE;
				MTL_FAST_MATH = YES;
				ONLY_ACTIVE_ARCH = YES;
				SDKROOT = iphoneos;
				SWIFT_ACTIVE_COMPILATION_CONDITIONS = DEBUG;
				SWIFT_OPTIMIZATION_LEVEL = "-Onone";
			};
			name = Debug;
		};
		5CD5EFB9260933920086E5FA /* Release */ = {
			isa = XCBuildConfiguration;
			buildSettings = {
				ALWAYS_SEARCH_USER_PATHS = NO;
				CLANG_ANALYZER_NONNULL = YES;
				CLANG_ANALYZER_NUMBER_OBJECT_CONVERSION = YES_AGGRESSIVE;
				CLANG_CXX_LANGUAGE_STANDARD = "gnu++14";
				CLANG_CXX_LIBRARY = "libc++";
				CLANG_ENABLE_MODULES = YES;
				CLANG_ENABLE_OBJC_ARC = YES;
				CLANG_ENABLE_OBJC_WEAK = YES;
				CLANG_WARN_BLOCK_CAPTURE_AUTORELEASING = YES;
				CLANG_WARN_BOOL_CONVERSION = YES;
				CLANG_WARN_COMMA = YES;
				CLANG_WARN_CONSTANT_CONVERSION = YES;
				CLANG_WARN_DEPRECATED_OBJC_IMPLEMENTATIONS = YES;
				CLANG_WARN_DIRECT_OBJC_ISA_USAGE = YES_ERROR;
				CLANG_WARN_DOCUMENTATION_COMMENTS = YES;
				CLANG_WARN_EMPTY_BODY = YES;
				CLANG_WARN_ENUM_CONVERSION = YES;
				CLANG_WARN_INFINITE_RECURSION = YES;
				CLANG_WARN_INT_CONVERSION = YES;
				CLANG_WARN_NON_LITERAL_NULL_CONVERSION = YES;
				CLANG_WARN_OBJC_IMPLICIT_RETAIN_SELF = YES;
				CLANG_WARN_OBJC_LITERAL_CONVERSION = YES;
				CLANG_WARN_OBJC_ROOT_CLASS = YES_ERROR;
				CLANG_WARN_QUOTED_INCLUDE_IN_FRAMEWORK_HEADER = YES;
				CLANG_WARN_RANGE_LOOP_ANALYSIS = YES;
				CLANG_WARN_STRICT_PROTOTYPES = YES;
				CLANG_WARN_SUSPICIOUS_MOVE = YES;
				CLANG_WARN_UNGUARDED_AVAILABILITY = YES_AGGRESSIVE;
				CLANG_WARN_UNREACHABLE_CODE = YES;
				CLANG_WARN__DUPLICATE_METHOD_MATCH = YES;
				COPY_PHASE_STRIP = NO;
				DEBUG_INFORMATION_FORMAT = "dwarf-with-dsym";
				ENABLE_NS_ASSERTIONS = NO;
				ENABLE_STRICT_OBJC_MSGSEND = YES;
				GCC_C_LANGUAGE_STANDARD = gnu11;
				GCC_NO_COMMON_BLOCKS = YES;
				GCC_WARN_64_TO_32_BIT_CONVERSION = YES;
				GCC_WARN_ABOUT_RETURN_TYPE = YES_ERROR;
				GCC_WARN_UNDECLARED_SELECTOR = YES;
				GCC_WARN_UNINITIALIZED_AUTOS = YES_AGGRESSIVE;
				GCC_WARN_UNUSED_FUNCTION = YES;
				GCC_WARN_UNUSED_VARIABLE = YES;
				IPHONEOS_DEPLOYMENT_TARGET = 14.4;
				MTL_ENABLE_DEBUG_INFO = NO;
				MTL_FAST_MATH = YES;
				SDKROOT = iphoneos;
				SWIFT_COMPILATION_MODE = wholemodule;
				SWIFT_OPTIMIZATION_LEVEL = "-O";
				VALIDATE_PRODUCT = YES;
			};
			name = Release;
		};
		5CD5EFBB260933920086E5FA /* Debug */ = {
			isa = XCBuildConfiguration;
			buildSettings = {
				ASSETCATALOG_COMPILER_APPICON_NAME = AppIcon;
				ASSETCATALOG_COMPILER_GLOBAL_ACCENT_COLOR_NAME = AccentColor;
				CODE_SIGN_STYLE = Automatic;
				DEVELOPMENT_ASSET_PATHS = "\"poc-sse-emojis-client/Preview Content\"";
				DEVELOPMENT_TEAM = 49NQY3MAJ3;
				ENABLE_PREVIEWS = YES;
				INFOPLIST_FILE = "poc-sse-emojis-client/Info.plist";
				IPHONEOS_DEPLOYMENT_TARGET = 14.0;
				LD_RUNPATH_SEARCH_PATHS = (
					"$(inherited)",
					"@executable_path/Frameworks",
				);
				PRODUCT_BUNDLE_IDENTIFIER = "com.warchimede.poc-sse-emojis-client";
				PRODUCT_NAME = "$(TARGET_NAME)";
				SWIFT_VERSION = 5.0;
				TARGETED_DEVICE_FAMILY = "1,2";
			};
			name = Debug;
		};
		5CD5EFBC260933920086E5FA /* Release */ = {
			isa = XCBuildConfiguration;
			buildSettings = {
				ASSETCATALOG_COMPILER_APPICON_NAME = AppIcon;
				ASSETCATALOG_COMPILER_GLOBAL_ACCENT_COLOR_NAME = AccentColor;
				CODE_SIGN_STYLE = Automatic;
				DEVELOPMENT_ASSET_PATHS = "\"poc-sse-emojis-client/Preview Content\"";
				DEVELOPMENT_TEAM = 49NQY3MAJ3;
				ENABLE_PREVIEWS = YES;
				INFOPLIST_FILE = "poc-sse-emojis-client/Info.plist";
				IPHONEOS_DEPLOYMENT_TARGET = 14.0;
				LD_RUNPATH_SEARCH_PATHS = (
					"$(inherited)",
					"@executable_path/Frameworks",
				);
				PRODUCT_BUNDLE_IDENTIFIER = "com.warchimede.poc-sse-emojis-client";
				PRODUCT_NAME = "$(TARGET_NAME)";
				SWIFT_VERSION = 5.0;
				TARGETED_DEVICE_FAMILY = "1,2";
			};
			name = Release;
		};
/* End XCBuildConfiguration section */

/* Begin XCConfigurationList section */
		5CD5EFA62609338E0086E5FA /* Build configuration list for PBXProject "poc-sse-emojis-client" */ = {
			isa = XCConfigurationList;
			buildConfigurations = (
				5CD5EFB8260933920086E5FA /* Debug */,
				5CD5EFB9260933920086E5FA /* Release */,
			);
			defaultConfigurationIsVisible = 0;
			defaultConfigurationName = Release;
		};
		5CD5EFBA260933920086E5FA /* Build configuration list for PBXNativeTarget "poc-sse-emojis-client" */ = {
			isa = XCConfigurationList;
			buildConfigurations = (
				5CD5EFBB260933920086E5FA /* Debug */,
				5CD5EFBC260933920086E5FA /* Release */,
			);
			defaultConfigurationIsVisible = 0;
			defaultConfigurationName = Release;
		};
/* End XCConfigurationList section */
	};
	rootObject = 5CD5EFA32609338E0086E5FA /* Project object */;
}
